{
  "version": 4,
  "terraform_version": "1.8.5",
  "serial": 780,
  "lineage": "be841ce8-0227-f25c-5ff5-0ceb3b20ea5a",
  "outputs": {
    "alb_dns_name": {
      "value": "my-lb-416013423.us-east-1.elb.amazonaws.com",
      "type": "string"
    }
  },
  "resources": [
    {
      "mode": "data",
      "type": "aws_ecr_authorization_token",
      "name": "auth",
      "provider": "provider[\"registry.terraform.io/hashicorp/aws\"]",
      "instances": [
        {
          "schema_version": 0,
          "attributes": {
            "authorization_token": "QVdTOmV5SndZWGxzYjJGa0lqb2lWVTlDYVVOcFEySTFNVFJDWVdWdVJrcHJNamg0ZFRaRVR6TjFaMlpuVDBkeGVIUnVUVkpuY21oMVpGSkZUVzUzUkU1NlFYRjFNR0pWVlhod2VFMUtVekJTSzBJd2VXOVFlblZ2Y1hCTVNXNUVTa05OVERKclRteHBVMk00TVhsMFMxbElNVGRPV1dkMFdUQmpaVGhQZEdsc1FtSnBkbGx3VVU1TWNtUkxVMFZQTUZkdVdFUldTRmQwVUU5c2NsUkNaVVJVV1dRMVdXRkllWFIzUW1wVWEwOVVNbVZtTlhaNWMyWmlkV3MwWW01MlNFeFlObUZOUjJGWFNEZHJUMlYyUmswMk1VazRka3hGUVc5dVEwSTNkMkV5VW1FMUwySjJjMDh6WW1zNGNuQlRVbUkwWlVFeWVqTk9lREZSU1drclNuTkpNRXBoZGtWaGJTOXVkRk5aVTJReGNreEVhREZ5ZGpWQ05taDBTVlIzUlZkc09UQTNWMnhDVWtsNVpVSnJhVkZvTURGeE5uVnpNQzlMVkVKbE5taHVNa0ZMY0Vnd2FrSXhSME12YkV0RlUwUlRTak5TTkdSMVZ6TkZiRnBJWnpZclRGUmtjVnAyYkROQlJ5dDBiV1UyU21WTk9VUktNa1pCVlhWb2MwYzRjRkZ5UWtWVmFtYzRWM05TTXpKT2IxZG5MelZUTVVsdGN6SlZXaTlxVUdNd1prUTVVRXhyT0VnNFUxSTVLMlZTTDFSbGExbHZVMWhDUXpoSVNrNWljRTlWTVdsYVVIY3ZWRlI2Ym1SU1YzQktUSEpvUzNWV2VHUmtaV1F2WkVNMGRVcGFSMDFVZDNCRGJtVmxUR05ESzJOdU9FRTRPQzkxYWpoT1lVcEJkbmMyUW1WcFJtaG9NR2RCVVZFemVIaDJXamhpUW1kUGEwRldjMHhQU0VoTmVHUlhSQzkzUVVVMk5VbDBkMnQ2YVdFME9XWllialpYZW01Tk1HMWFlbWgzV1U5R1JXWjVPR016Y0d0YVpIbG5iRGw1TUZsTWVHTXlkMXB2Tms1VU9GaDVTbTA0UmxaV2NFTnBObUZ6YTNWTFkxQlpVbmxJY1V0TU4yRmpVVmxDZFZWV2JGaDZjbllyY1M5RWN6Vk9lRmhsS3preVYwc3dUMHhaTDFkbFdEQlNOMEZHTUhwM1JrWXlaWGt4UWk4MFpHVk1Sa1JQUWxSYVVFUlpla1ZTZG5sRmJXTXlNV05ITW5SVmNXcGlTazF6Tm5KS1pGbDZha3RhT1ROS00zbERPRzhyVFVaMVptTnNlRkF2VVhFNVprUjVSa2t5TnpSaE1FVXdaVkkyU0hSMFQwaEVOSHBpV1RoR1lrbFFVVFE1ZEZBMk16Tm5iVTVhVm5kVVpIYzVPVFpGVWtzclpVczNMMHBPV1V0TVNqTnZPVTFSTjI4elowZzJSWEF6TTI1VWIxcHpUazlLY2tGTFpraHhlR1ZaWWpKVFluTlViRGhyYXpWd2N5dEZSV0ZpVGxOVGJGbDBhSEpNY0ZGR2JHNUdZME5aU0U4dk4xZE9aRmd2VTBKMmVXSnlPV1V3TkU1b1pUZHBNeTlLT0RWSGRUTkJWRVJLUlRJNVVtMU9VamR2V0hwWFpHTXpSRlJ4VG1FNFpsaEZSRGhPZUc1Tk5FaFFiR3ByUW5vMWFtdFJVbGx5ZWtGYVNWUkpXVTlOWWtwclJsaEJZa2RWVnk5R1FtRkZVMFZOV2tsRUx5OU9RVzV0WmxkdlRsUTFUa1JyVlZWb09IQlVOR3RtYkZOdUx6TndXRGh2VWk4MFRGbE9URk5oWWtFd01WQnRkU3RqTlVsTFRYZHNUUzlxVDJORlp6MDlJaXdpWkdGMFlXdGxlU0k2SWtGUlJVSkJTR2gzYlRCWllVbFRTbVZTZEVwdE5XNHhSeloxY1dWbGExaDFiMWhZVUdVMVZVWmpaVGxTY1Rndk1UUjNRVUZCU0RSM1prRlpTa3R2V2tsb2RtTk9RVkZqUjI5SE9IZGlVVWxDUVVSQ2IwSm5hM0ZvYTJsSE9YY3dRa0ozUlhkSVoxbEtXVWxhU1VGWFZVUkNRVVYxVFVKRlJVUkxlSE53ZEROWlREZHpTVzg1YUVadFVVbENSVWxCTjNkRVRuUnJhQzgwU25wa2REUnlkMUl2UmxjNE1WcE1kWFp2WjJSWU0wVlZRelp0TlhkeGVXcFJTRk00UlVWdldHeExTWFZtYWxKVE1IbDFWbWRJY25OYVowMDVhMHBwV25Jd1JrOU5RV005SWl3aWRtVnljMmx2YmlJNklqSWlMQ0owZVhCbElqb2lSRUZVUVY5TFJWa2lMQ0psZUhCcGNtRjBhVzl1SWpveE56RTRORFkxTmpFMGZRPT0=",
            "expires_at": "2024-06-15T15:33:34Z",
            "id": "us-east-1",
            "password": "eyJwYXlsb2FkIjoiVU9CaUNpQ2I1MTRCYWVuRkprMjh4dTZETzN1Z2ZnT0dxeHRuTVJncmh1ZFJFTW53RE56QXF1MGJVVXhweE1KUzBSK0IweW9QenVvcXBMSW5ESkNNTDJrTmxpU2M4MXl0S1lIMTdOWWd0WTBjZThPdGlsQmJpdllwUU5McmRLU0VPMFduWERWSFd0UE9sclRCZURUWWQ1WWFIeXR3QmpUa09UMmVmNXZ5c2ZidWs0Ym52SExYNmFNR2FXSDdrT2V2Rk02MUk4dkxFQW9uQ0I3d2EyUmE1L2J2c08zYms4cnBTUmI0ZUEyejNOeDFRSWkrSnNJMEphdkVhbS9udFNZU2QxckxEaDFydjVCNmh0SVR3RVdsOTA3V2xCUkl5ZUJraVFoMDFxNnVzMC9LVEJlNmhuMkFLcEgwakIxR0MvbEtFU0RTSjNSNGR1VzNFbFpIZzYrTFRkcVp2bDNBRyt0bWU2SmVNOURKMkZBVXVoc0c4cFFyQkVVamc4V3NSMzJOb1dnLzVTMUltczJVWi9qUGMwZkQ5UExrOEg4U1I5K2VSL1Rla1lvU1hCQzhISk5icE9VMWlaUHcvVFR6bmRSV3BKTHJoS3VWeGRkZWQvZEM0dUpaR01Ud3BDbmVlTGNDK2NuOEE4OC91ajhOYUpBdnc2QmVpRmhoMGdBUVEzeHh2WjhiQmdPa0FWc0xPSEhNeGRXRC93QUU2NUl0d2t6aWE0OWZYbjZXem5NMG1aemh3WU9GRWZ5OGMzcGtaZHlnbDl5MFlMeGMyd1pvNk5UOFh5Sm04RlZWcENpNmFza3VLY1BZUnlIcUtMN2FjUVlCdVVWbFh6cnYrcS9EczVOeFhlKzkyV0swT0xZL1dlWDBSN0FGMHp3RkYyZXkxQi80ZGVMRkRPQlRaUERZekVSdnlFbWMyMWNHMnRVcWpiSk1zNnJKZFl6aktaOTNKM3lDOG8rTUZ1ZmNseFAvUXE5ZkR5RkkyNzRhMEUwZVI2SHR0T0hENHpiWThGYklQUTQ5dFA2MzNnbU5aVndUZHc5OTZFUksrZUs3L0pOWUtMSjNvOU1RN28zZ0g2RXAzM25Ub1pzTk9KckFLZkhxeGVZYjJTYnNUbDhrazVwcytFRWFiTlNTbFl0aHJMcFFGbG5GY0NZSE8vN1dOZFgvU0J2eWJyOWUwNE5oZTdpMy9KODVHdTNBVERKRTI5Um1OUjdvWHpXZGMzRFRxTmE4ZlhFRDhOeG5NNEhQbGprQno1amtRUllyekFaSVRJWU9NYkprRlhBYkdVVy9GQmFFU0VNWklELy9OQW5tZldvTlQ1TkRrVVVoOHBUNGtmbFNuLzNwWDhvUi80TFlOTFNhYkEwMVBtdStjNUlLTXdsTS9qT2NFZz09IiwiZGF0YWtleSI6IkFRRUJBSGh3bTBZYUlTSmVSdEptNW4xRzZ1cWVla1h1b1hYUGU1VUZjZTlScTgvMTR3QUFBSDR3ZkFZSktvWklodmNOQVFjR29HOHdiUUlCQURCb0Jna3Foa2lHOXcwQkJ3RXdIZ1lKWUlaSUFXVURCQUV1TUJFRURLeHNwdDNZTDdzSW85aEZtUUlCRUlBN3dETnRraC80SnpkdDRyd1IvRlc4MVpMdXZvZ2RYM0VVQzZtNXdxeWpRSFM4RUVvWGxLSXVmalJTMHl1VmdIcnNaZ005a0ppWnIwRk9NQWM9IiwidmVyc2lvbiI6IjIiLCJ0eXBlIjoiREFUQV9LRVkiLCJleHBpcmF0aW9uIjoxNzE4NDY1NjE0fQ==",
            "proxy_endpoint": "https://489277949068.dkr.ecr.us-east-1.amazonaws.com",
            "registry_id": null,
            "user_name": "AWS"
          },
          "sensitive_attributes": [
            [
              {
                "type": "get_attr",
                "value": "password"
              }
            ],
            [
              {
                "type": "get_attr",
                "value": "authorization_token"
              }
            ]
          ]
        }
      ]
    },
    {
      "mode": "managed",
      "type": "aws_cloudwatch_metric_alarm",
      "name": "cpu_utilization",
      "provider": "provider[\"registry.terraform.io/hashicorp/aws\"]",
      "instances": [
        {
          "schema_version": 1,
          "attributes": {
            "actions_enabled": true,
            "alarm_actions": [
              "arn:aws:sns:us-east-1:489277949068:ecs-alerts"
            ],
            "alarm_description": "Alarm when CPU utilization exceeds 80%",
            "alarm_name": "ecs-cpu-utilization",
            "arn": "arn:aws:cloudwatch:us-east-1:489277949068:alarm:ecs-cpu-utilization",
            "comparison_operator": "GreaterThanOrEqualToThreshold",
            "datapoints_to_alarm": 0,
            "dimensions": {
              "ClusterName": "my-cluster",
              "ServiceName": "my-service"
            },
            "evaluate_low_sample_count_percentiles": "",
            "evaluation_periods": 2,
            "extended_statistic": "",
            "id": "ecs-cpu-utilization",
            "insufficient_data_actions": null,
            "metric_name": "CPUUtilization",
            "metric_query": [],
            "namespace": "AWS/ECS",
            "ok_actions": null,
            "period": 60,
            "statistic": "Average",
            "tags": null,
            "tags_all": {},
            "threshold": 80,
            "threshold_metric_id": "",
            "treat_missing_data": "missing",
            "unit": ""
          },
          "sensitive_attributes": [],
          "private": "eyJzY2hlbWFfdmVyc2lvbiI6IjEifQ==",
          "dependencies": [
            "aws_sns_topic.alert_topic"
          ]
        }
      ]
    },
    {
      "mode": "managed",
      "type": "aws_cloudwatch_metric_alarm",
      "name": "disk_io",
      "provider": "provider[\"registry.terraform.io/hashicorp/aws\"]",
      "instances": [
        {
          "schema_version": 1,
          "attributes": {
            "actions_enabled": true,
            "alarm_actions": [
              "arn:aws:sns:us-east-1:489277949068:ecs-alerts"
            ],
            "alarm_description": "Alarm when Disk I/O exceeds 10MB",
            "alarm_name": "ecs-disk-io",
            "arn": "arn:aws:cloudwatch:us-east-1:489277949068:alarm:ecs-disk-io",
            "comparison_operator": "GreaterThanOrEqualToThreshold",
            "datapoints_to_alarm": 0,
            "dimensions": {
              "ClusterName": "my-cluster",
              "ServiceName": "my-service"
            },
            "evaluate_low_sample_count_percentiles": "",
            "evaluation_periods": 2,
            "extended_statistic": "",
            "id": "ecs-disk-io",
            "insufficient_data_actions": null,
            "metric_name": "DiskWriteBytes",
            "metric_query": [],
            "namespace": "AWS/ECS",
            "ok_actions": null,
            "period": 60,
            "statistic": "Average",
            "tags": null,
            "tags_all": {},
            "threshold": 10000000,
            "threshold_metric_id": "",
            "treat_missing_data": "missing",
            "unit": ""
          },
          "sensitive_attributes": [],
          "private": "eyJzY2hlbWFfdmVyc2lvbiI6IjEifQ==",
          "dependencies": [
            "aws_sns_topic.alert_topic"
          ]
        }
      ]
    },
    {
      "mode": "managed",
      "type": "aws_cloudwatch_metric_alarm",
      "name": "memory_utilization",
      "provider": "provider[\"registry.terraform.io/hashicorp/aws\"]",
      "instances": [
        {
          "schema_version": 1,
          "attributes": {
            "actions_enabled": true,
            "alarm_actions": [
              "arn:aws:sns:us-east-1:489277949068:ecs-alerts"
            ],
            "alarm_description": "Alarm when Memory utilization exceeds 80%",
            "alarm_name": "ecs-memory-utilization",
            "arn": "arn:aws:cloudwatch:us-east-1:489277949068:alarm:ecs-memory-utilization",
            "comparison_operator": "GreaterThanOrEqualToThreshold",
            "datapoints_to_alarm": 0,
            "dimensions": {
              "ClusterName": "my-cluster",
              "ServiceName": "my-service"
            },
            "evaluate_low_sample_count_percentiles": "",
            "evaluation_periods": 2,
            "extended_statistic": "",
            "id": "ecs-memory-utilization",
            "insufficient_data_actions": null,
            "metric_name": "MemoryUtilization",
            "metric_query": [],
            "namespace": "AWS/ECS",
            "ok_actions": null,
            "period": 60,
            "statistic": "Average",
            "tags": null,
            "tags_all": {},
            "threshold": 80,
            "threshold_metric_id": "",
            "treat_missing_data": "missing",
            "unit": ""
          },
          "sensitive_attributes": [],
          "private": "eyJzY2hlbWFfdmVyc2lvbiI6IjEifQ==",
          "dependencies": [
            "aws_sns_topic.alert_topic"
          ]
        }
      ]
    },
    {
      "mode": "managed",
      "type": "aws_cloudwatch_metric_alarm",
      "name": "network_io",
      "provider": "provider[\"registry.terraform.io/hashicorp/aws\"]",
      "instances": [
        {
          "schema_version": 1,
          "attributes": {
            "actions_enabled": true,
            "alarm_actions": [
              "arn:aws:sns:us-east-1:489277949068:ecs-alerts"
            ],
            "alarm_description": "Alarm when Network Out exceeds 5MB",
            "alarm_name": "ecs-network-io",
            "arn": "arn:aws:cloudwatch:us-east-1:489277949068:alarm:ecs-network-io",
            "comparison_operator": "GreaterThanOrEqualToThreshold",
            "datapoints_to_alarm": 0,
            "dimensions": {
              "ClusterName": "my-cluster",
              "ServiceName": "my-service"
            },
            "evaluate_low_sample_count_percentiles": "",
            "evaluation_periods": 2,
            "extended_statistic": "",
            "id": "ecs-network-io",
            "insufficient_data_actions": null,
            "metric_name": "NetworkOut",
            "metric_query": [],
            "namespace": "AWS/ECS",
            "ok_actions": null,
            "period": 60,
            "statistic": "Average",
            "tags": null,
            "tags_all": {},
            "threshold": 5000000,
            "threshold_metric_id": "",
            "treat_missing_data": "missing",
            "unit": ""
          },
          "sensitive_attributes": [],
          "private": "eyJzY2hlbWFfdmVyc2lvbiI6IjEifQ==",
          "dependencies": [
            "aws_sns_topic.alert_topic"
          ]
        }
      ]
    },
    {
      "mode": "managed",
      "type": "aws_ecr_repository",
      "name": "repo",
      "provider": "provider[\"registry.terraform.io/hashicorp/aws\"]",
      "instances": [
        {
          "schema_version": 0,
          "attributes": {
            "arn": "arn:aws:ecr:us-east-1:489277949068:repository/tiago-ntconsult",
            "encryption_configuration": [
              {
                "encryption_type": "AES256",
                "kms_key": ""
              }
            ],
            "force_delete": null,
            "id": "tiago-ntconsult",
            "image_scanning_configuration": [
              {
                "scan_on_push": false
              }
            ],
            "image_tag_mutability": "MUTABLE",
            "name": "tiago-ntconsult",
            "registry_id": "489277949068",
            "repository_url": "489277949068.dkr.ecr.us-east-1.amazonaws.com/tiago-ntconsult",
            "tags": null,
            "tags_all": {},
            "timeouts": null
          },
          "sensitive_attributes": [],
          "private": "eyJlMmJmYjczMC1lY2FhLTExZTYtOGY4OC0zNDM2M2JjN2M0YzAiOnsiZGVsZXRlIjoxMjAwMDAwMDAwMDAwfX0="
        }
      ]
    },
    {
      "mode": "managed",
      "type": "aws_ecs_cluster",
      "name": "my_cluster",
      "provider": "provider[\"registry.terraform.io/hashicorp/aws\"]",
      "instances": [
        {
          "schema_version": 0,
          "attributes": {
            "arn": "arn:aws:ecs:us-east-1:489277949068:cluster/my-cluster",
            "configuration": [],
            "id": "arn:aws:ecs:us-east-1:489277949068:cluster/my-cluster",
            "name": "my-cluster",
            "service_connect_defaults": [],
            "setting": [
              {
                "name": "containerInsights",
                "value": "disabled"
              }
            ],
            "tags": null,
            "tags_all": {}
          },
          "sensitive_attributes": [],
          "private": "bnVsbA=="
        }
      ]
    },
    {
      "mode": "managed",
      "type": "aws_ecs_service",
      "name": "my_service",
      "provider": "provider[\"registry.terraform.io/hashicorp/aws\"]",
      "instances": [
        {
          "schema_version": 0,
          "attributes": {
            "alarms": [],
            "capacity_provider_strategy": [],
            "cluster": "arn:aws:ecs:us-east-1:489277949068:cluster/my-cluster",
            "deployment_circuit_breaker": [
              {
                "enable": false,
                "rollback": false
              }
            ],
            "deployment_controller": [
              {
                "type": "ECS"
              }
            ],
            "deployment_maximum_percent": 200,
            "deployment_minimum_healthy_percent": 100,
            "desired_count": 1,
            "enable_ecs_managed_tags": false,
            "enable_execute_command": false,
            "force_new_deployment": null,
            "health_check_grace_period_seconds": 0,
            "iam_role": "/aws-service-role/ecs.amazonaws.com/AWSServiceRoleForECS",
            "id": "arn:aws:ecs:us-east-1:489277949068:service/my-cluster/my-service",
            "launch_type": "FARGATE",
            "load_balancer": [
              {
                "container_name": "my-container-api",
                "container_port": 8080,
                "elb_name": "",
                "target_group_arn": "arn:aws:elasticloadbalancing:us-east-1:489277949068:targetgroup/my-tg/8970357ddb176464"
              }
            ],
            "name": "my-service",
            "network_configuration": [
              {
                "assign_public_ip": true,
                "security_groups": [
                  "sg-0b2911feacc1a5a20"
                ],
                "subnets": [
                  "subnet-0ad4f78c2afbaad42",
                  "subnet-0b6805f852bdaa121"
                ]
              }
            ],
            "ordered_placement_strategy": [],
            "placement_constraints": [],
            "platform_version": "LATEST",
            "propagate_tags": "NONE",
            "scheduling_strategy": "REPLICA",
            "service_connect_configuration": [],
            "service_registries": [],
            "tags": null,
            "tags_all": {},
            "task_definition": "arn:aws:ecs:us-east-1:489277949068:task-definition/my-task:36",
            "timeouts": null,
            "triggers": {},
            "volume_configuration": [],
            "wait_for_steady_state": false
          },
          "sensitive_attributes": [],
          "private": "eyJlMmJmYjczMC1lY2FhLTExZTYtOGY4OC0zNDM2M2JjN2M0YzAiOnsiY3JlYXRlIjoxMjAwMDAwMDAwMDAwLCJkZWxldGUiOjEyMDAwMDAwMDAwMDAsInVwZGF0ZSI6MTIwMDAwMDAwMDAwMH19",
          "dependencies": [
            "aws_ecr_repository.repo",
            "aws_ecs_cluster.my_cluster",
            "aws_ecs_task_definition.my_task",
            "aws_iam_role.ecs_task_execution_role",
            "aws_lb.my_lb",
            "aws_lb_listener.my_listener",
            "aws_lb_target_group.my_target_group",
            "aws_security_group.allow_http",
            "aws_subnet.PublicSubnet1",
            "aws_subnet.PublicSubnet2",
            "aws_vpc.myvpc"
          ]
        }
      ]
    },
    {
      "mode": "managed",
      "type": "aws_ecs_task_definition",
      "name": "my_task",
      "provider": "provider[\"registry.terraform.io/hashicorp/aws\"]",
      "instances": [
        {
          "schema_version": 1,
          "attributes": {
            "arn": "arn:aws:ecs:us-east-1:489277949068:task-definition/my-task:36",
            "arn_without_revision": "arn:aws:ecs:us-east-1:489277949068:task-definition/my-task",
            "container_definitions": "[{\"cpu\":0,\"environment\":[],\"essential\":true,\"image\":\"489277949068.dkr.ecr.us-east-1.amazonaws.com/tiago-ntconsult:latest\",\"mountPoints\":[],\"name\":\"my-container-api\",\"portMappings\":[{\"containerPort\":8080,\"hostPort\":8080,\"protocol\":\"tcp\"}],\"systemControls\":[],\"volumesFrom\":[]}]",
            "cpu": "256",
            "ephemeral_storage": [],
            "execution_role_arn": "arn:aws:iam::489277949068:role/ecs-task-execution-role",
            "family": "my-task",
            "id": "my-task",
            "inference_accelerator": [],
            "ipc_mode": "",
            "memory": "512",
            "network_mode": "awsvpc",
            "pid_mode": "",
            "placement_constraints": [],
            "proxy_configuration": [],
            "requires_compatibilities": [
              "FARGATE"
            ],
            "revision": 36,
            "runtime_platform": [],
            "skip_destroy": false,
            "tags": null,
            "tags_all": {},
            "task_role_arn": "arn:aws:iam::489277949068:role/ecs-task-execution-role",
            "track_latest": false,
            "volume": []
          },
          "sensitive_attributes": [],
          "private": "eyJzY2hlbWFfdmVyc2lvbiI6IjEifQ==",
          "dependencies": [
            "aws_ecr_repository.repo",
            "aws_iam_role.ecs_task_execution_role"
          ]
        }
      ]
    },
    {
      "mode": "managed",
      "type": "aws_iam_role",
      "name": "ecs_task_execution_role",
      "provider": "provider[\"registry.terraform.io/hashicorp/aws\"]",
      "instances": [
        {
          "schema_version": 0,
          "attributes": {
            "arn": "arn:aws:iam::489277949068:role/ecs-task-execution-role",
            "assume_role_policy": "{\"Statement\":[{\"Action\":\"sts:AssumeRole\",\"Effect\":\"Allow\",\"Principal\":{\"Service\":\"ecs-tasks.amazonaws.com\"}}],\"Version\":\"2012-10-17\"}",
            "create_date": "2024-06-15T03:33:38Z",
            "description": "",
            "force_detach_policies": false,
            "id": "ecs-task-execution-role",
            "inline_policy": [
              {
                "name": "ECRPolicy",
                "policy": "{\"Version\":\"2012-10-17\",\"Statement\":[{\"Action\":[\"ecr:GetDownloadUrlForLayer\",\"ecr:BatchGetImage\",\"ecr:BatchCheckLayerAvailability\",\"ecr:GetAuthorizationToken\"],\"Effect\":\"Allow\",\"Resource\":\"*\"}]}"
              }
            ],
            "managed_policy_arns": [],
            "max_session_duration": 3600,
            "name": "ecs-task-execution-role",
            "name_prefix": "",
            "path": "/",
            "permissions_boundary": "",
            "tags": {
              "Name": "ECS Task Execution Role"
            },
            "tags_all": {
              "Name": "ECS Task Execution Role"
            },
            "unique_id": "AROAXD2Z5ASGLFAKTXCYZ"
          },
          "sensitive_attributes": [],
          "private": "bnVsbA=="
        }
      ]
    },
    {
      "mode": "managed",
      "type": "aws_iam_role_policy_attachment",
      "name": "attach_ecs_task_execution_policy",
      "provider": "provider[\"registry.terraform.io/hashicorp/aws\"]",
      "instances": [
        {
          "schema_version": 0,
          "attributes": {
            "id": "ecs-task-execution-role-20240615033339117400000001",
            "policy_arn": "arn:aws:iam::aws:policy/service-role/AmazonECSTaskExecutionRolePolicy",
            "role": "ecs-task-execution-role"
          },
          "sensitive_attributes": [],
          "private": "bnVsbA==",
          "dependencies": [
            "aws_iam_role.ecs_task_execution_role"
          ]
        }
      ]
    },
    {
      "mode": "managed",
      "type": "aws_internet_gateway",
      "name": "myIgw",
      "provider": "provider[\"registry.terraform.io/hashicorp/aws\"]",
      "instances": [
        {
          "schema_version": 0,
          "attributes": {
            "arn": "arn:aws:ec2:us-east-1:489277949068:internet-gateway/igw-0bd0fb22058c1c015",
            "id": "igw-0bd0fb22058c1c015",
            "owner_id": "489277949068",
            "tags": {
              "Name": "MyIGW"
            },
            "tags_all": {
              "Name": "MyIGW"
            },
            "timeouts": null,
            "vpc_id": "vpc-0ae3b150752ca0dae"
          },
          "sensitive_attributes": [],
          "private": "eyJlMmJmYjczMC1lY2FhLTExZTYtOGY4OC0zNDM2M2JjN2M0YzAiOnsiY3JlYXRlIjoxMjAwMDAwMDAwMDAwLCJkZWxldGUiOjEyMDAwMDAwMDAwMDAsInVwZGF0ZSI6MTIwMDAwMDAwMDAwMH19",
          "dependencies": [
            "aws_vpc.myvpc"
          ]
        }
      ]
    },
    {
      "mode": "managed",
      "type": "aws_lb",
      "name": "my_lb",
      "provider": "provider[\"registry.terraform.io/hashicorp/aws\"]",
      "instances": [
        {
          "schema_version": 0,
          "attributes": {
            "access_logs": [
              {
                "bucket": "",
                "enabled": false,
                "prefix": ""
              }
            ],
            "arn": "arn:aws:elasticloadbalancing:us-east-1:489277949068:loadbalancer/app/my-lb/66bc6fb362971eaf",
            "arn_suffix": "app/my-lb/66bc6fb362971eaf",
            "client_keep_alive": 3600,
            "connection_logs": [
              {
                "bucket": "",
                "enabled": false,
                "prefix": ""
              }
            ],
            "customer_owned_ipv4_pool": "",
            "desync_mitigation_mode": "defensive",
            "dns_name": "my-lb-416013423.us-east-1.elb.amazonaws.com",
            "dns_record_client_routing_policy": null,
            "drop_invalid_header_fields": false,
            "enable_cross_zone_load_balancing": true,
            "enable_deletion_protection": false,
            "enable_http2": true,
            "enable_tls_version_and_cipher_suite_headers": false,
            "enable_waf_fail_open": false,
            "enable_xff_client_port": false,
            "enforce_security_group_inbound_rules_on_private_link_traffic": "",
            "id": "arn:aws:elasticloadbalancing:us-east-1:489277949068:loadbalancer/app/my-lb/66bc6fb362971eaf",
            "idle_timeout": 60,
            "internal": false,
            "ip_address_type": "ipv4",
            "load_balancer_type": "application",
            "name": "my-lb",
            "name_prefix": "",
            "preserve_host_header": false,
            "security_groups": [
              "sg-0b2911feacc1a5a20"
            ],
            "subnet_mapping": [
              {
                "allocation_id": "",
                "ipv6_address": "",
                "outpost_id": "",
                "private_ipv4_address": "",
                "subnet_id": "subnet-0ad4f78c2afbaad42"
              },
              {
                "allocation_id": "",
                "ipv6_address": "",
                "outpost_id": "",
                "private_ipv4_address": "",
                "subnet_id": "subnet-0b6805f852bdaa121"
              }
            ],
            "subnets": [
              "subnet-0ad4f78c2afbaad42",
              "subnet-0b6805f852bdaa121"
            ],
            "tags": {
              "Name": "my-lb"
            },
            "tags_all": {
              "Name": "my-lb"
            },
            "timeouts": null,
            "vpc_id": "vpc-0ae3b150752ca0dae",
            "xff_header_processing_mode": "append",
            "zone_id": "Z35SXDOTRQ7X7K"
          },
          "sensitive_attributes": [],
          "private": "eyJlMmJmYjczMC1lY2FhLTExZTYtOGY4OC0zNDM2M2JjN2M0YzAiOnsiY3JlYXRlIjo2MDAwMDAwMDAwMDAsImRlbGV0ZSI6NjAwMDAwMDAwMDAwLCJ1cGRhdGUiOjYwMDAwMDAwMDAwMH19",
          "dependencies": [
            "aws_security_group.allow_http",
            "aws_subnet.PublicSubnet1",
            "aws_subnet.PublicSubnet2",
            "aws_vpc.myvpc"
          ]
        }
      ]
    },
    {
      "mode": "managed",
      "type": "aws_lb_listener",
      "name": "my_listener",
      "provider": "provider[\"registry.terraform.io/hashicorp/aws\"]",
      "instances": [
        {
          "schema_version": 0,
          "attributes": {
            "alpn_policy": null,
            "arn": "arn:aws:elasticloadbalancing:us-east-1:489277949068:listener/app/my-lb/66bc6fb362971eaf/a7f6fa17e474c194",
            "certificate_arn": null,
            "default_action": [
              {
                "authenticate_cognito": [],
                "authenticate_oidc": [],
                "fixed_response": [],
                "forward": [],
                "order": 1,
                "redirect": [],
                "target_group_arn": "arn:aws:elasticloadbalancing:us-east-1:489277949068:targetgroup/my-tg/8970357ddb176464",
                "type": "forward"
              }
            ],
            "id": "arn:aws:elasticloadbalancing:us-east-1:489277949068:listener/app/my-lb/66bc6fb362971eaf/a7f6fa17e474c194",
            "load_balancer_arn": "arn:aws:elasticloadbalancing:us-east-1:489277949068:loadbalancer/app/my-lb/66bc6fb362971eaf",
            "mutual_authentication": [],
            "port": 80,
            "protocol": "HTTP",
            "ssl_policy": "",
            "tags": {
              "Name": "my-listener"
            },
            "tags_all": {
              "Name": "my-listener"
            },
            "timeouts": null
          },
          "sensitive_attributes": [],
          "private": "eyJlMmJmYjczMC1lY2FhLTExZTYtOGY4OC0zNDM2M2JjN2M0YzAiOnsiY3JlYXRlIjozMDAwMDAwMDAwMDAsInVwZGF0ZSI6MzAwMDAwMDAwMDAwfX0=",
          "dependencies": [
            "aws_lb.my_lb",
            "aws_lb_target_group.my_target_group",
            "aws_security_group.allow_http",
            "aws_subnet.PublicSubnet1",
            "aws_subnet.PublicSubnet2",
            "aws_vpc.myvpc"
          ]
        }
      ]
    },
    {
      "mode": "managed",
      "type": "aws_lb_target_group",
      "name": "my_target_group",
      "provider": "provider[\"registry.terraform.io/hashicorp/aws\"]",
      "instances": [
        {
          "schema_version": 0,
          "attributes": {
            "arn": "arn:aws:elasticloadbalancing:us-east-1:489277949068:targetgroup/my-tg/8970357ddb176464",
            "arn_suffix": "targetgroup/my-tg/8970357ddb176464",
            "connection_termination": null,
            "deregistration_delay": "300",
            "health_check": [
              {
                "enabled": true,
                "healthy_threshold": 2,
                "interval": 30,
                "matcher": "200",
                "path": "/",
                "port": "traffic-port",
                "protocol": "HTTP",
                "timeout": 5,
                "unhealthy_threshold": 2
              }
            ],
            "id": "arn:aws:elasticloadbalancing:us-east-1:489277949068:targetgroup/my-tg/8970357ddb176464",
            "ip_address_type": "ipv4",
            "lambda_multi_value_headers_enabled": false,
            "load_balancer_arns": [],
            "load_balancing_algorithm_type": "round_robin",
            "load_balancing_anomaly_mitigation": "off",
            "load_balancing_cross_zone_enabled": "use_load_balancer_configuration",
            "name": "my-tg",
            "name_prefix": "",
            "port": 8080,
            "preserve_client_ip": null,
            "protocol": "HTTP",
            "protocol_version": "HTTP1",
            "proxy_protocol_v2": false,
            "slow_start": 0,
            "stickiness": [
              {
                "cookie_duration": 86400,
                "cookie_name": "",
                "enabled": false,
                "type": "lb_cookie"
              }
            ],
            "tags": {
              "Name": "my-target-group"
            },
            "tags_all": {
              "Name": "my-target-group"
            },
            "target_failover": [
              {
                "on_deregistration": null,
                "on_unhealthy": null
              }
            ],
            "target_health_state": [
              {
                "enable_unhealthy_connection_termination": null
              }
            ],
            "target_type": "ip",
            "vpc_id": "vpc-0ae3b150752ca0dae"
          },
          "sensitive_attributes": [],
          "private": "bnVsbA==",
          "dependencies": [
            "aws_vpc.myvpc"
          ]
        }
      ]
    },
    {
      "mode": "managed",
      "type": "aws_route_table",
      "name": "PublicRT",
      "provider": "provider[\"registry.terraform.io/hashicorp/aws\"]",
      "instances": [
        {
          "schema_version": 0,
          "attributes": {
            "arn": "arn:aws:ec2:us-east-1:489277949068:route-table/rtb-00ff559ecc8b483a5",
            "id": "rtb-00ff559ecc8b483a5",
            "owner_id": "489277949068",
            "propagating_vgws": [],
            "route": [
              {
                "carrier_gateway_id": "",
                "cidr_block": "0.0.0.0/0",
                "core_network_arn": "",
                "destination_prefix_list_id": "",
                "egress_only_gateway_id": "",
                "gateway_id": "igw-0bd0fb22058c1c015",
                "ipv6_cidr_block": "",
                "local_gateway_id": "",
                "nat_gateway_id": "",
                "network_interface_id": "",
                "transit_gateway_id": "",
                "vpc_endpoint_id": "",
                "vpc_peering_connection_id": ""
              }
            ],
            "tags": {
              "Name": "PublicRT"
            },
            "tags_all": {
              "Name": "PublicRT"
            },
            "timeouts": null,
            "vpc_id": "vpc-0ae3b150752ca0dae"
          },
          "sensitive_attributes": [],
          "private": "eyJlMmJmYjczMC1lY2FhLTExZTYtOGY4OC0zNDM2M2JjN2M0YzAiOnsiY3JlYXRlIjozMDAwMDAwMDAwMDAsImRlbGV0ZSI6MzAwMDAwMDAwMDAwLCJ1cGRhdGUiOjEyMDAwMDAwMDAwMH19",
          "dependencies": [
            "aws_internet_gateway.myIgw",
            "aws_vpc.myvpc"
          ]
        }
      ]
    },
    {
      "mode": "managed",
      "type": "aws_route_table_association",
      "name": "PublicRTAssociation1",
      "provider": "provider[\"registry.terraform.io/hashicorp/aws\"]",
      "instances": [
        {
          "schema_version": 0,
          "attributes": {
            "gateway_id": "",
            "id": "rtbassoc-062a61e1bd430728c",
            "route_table_id": "rtb-00ff559ecc8b483a5",
            "subnet_id": "subnet-0b6805f852bdaa121",
            "timeouts": null
          },
          "sensitive_attributes": [],
          "private": "eyJlMmJmYjczMC1lY2FhLTExZTYtOGY4OC0zNDM2M2JjN2M0YzAiOnsiY3JlYXRlIjozMDAwMDAwMDAwMDAsImRlbGV0ZSI6MzAwMDAwMDAwMDAwLCJ1cGRhdGUiOjEyMDAwMDAwMDAwMH19",
          "dependencies": [
            "aws_internet_gateway.myIgw",
            "aws_route_table.PublicRT",
            "aws_subnet.PublicSubnet1",
            "aws_vpc.myvpc"
          ]
        }
      ]
    },
    {
      "mode": "managed",
      "type": "aws_route_table_association",
      "name": "PublicRTAssociation2",
      "provider": "provider[\"registry.terraform.io/hashicorp/aws\"]",
      "instances": [
        {
          "schema_version": 0,
          "attributes": {
            "gateway_id": "",
            "id": "rtbassoc-044af538cbdbbc6e2",
            "route_table_id": "rtb-00ff559ecc8b483a5",
            "subnet_id": "subnet-0ad4f78c2afbaad42",
            "timeouts": null
          },
          "sensitive_attributes": [],
          "private": "eyJlMmJmYjczMC1lY2FhLTExZTYtOGY4OC0zNDM2M2JjN2M0YzAiOnsiY3JlYXRlIjozMDAwMDAwMDAwMDAsImRlbGV0ZSI6MzAwMDAwMDAwMDAwLCJ1cGRhdGUiOjEyMDAwMDAwMDAwMH19",
          "dependencies": [
            "aws_internet_gateway.myIgw",
            "aws_route_table.PublicRT",
            "aws_subnet.PublicSubnet2",
            "aws_vpc.myvpc"
          ]
        }
      ]
    },
    {
      "mode": "managed",
      "type": "aws_security_group",
      "name": "allow_http",
      "provider": "provider[\"registry.terraform.io/hashicorp/aws\"]",
      "instances": [
        {
          "schema_version": 1,
          "attributes": {
            "arn": "arn:aws:ec2:us-east-1:489277949068:security-group/sg-0b2911feacc1a5a20",
            "description": "Managed by Terraform",
            "egress": [
              {
                "cidr_blocks": [
                  "0.0.0.0/0"
                ],
                "description": "",
                "from_port": 0,
                "ipv6_cidr_blocks": [],
                "prefix_list_ids": [],
                "protocol": "-1",
                "security_groups": [],
                "self": false,
                "to_port": 0
              }
            ],
            "id": "sg-0b2911feacc1a5a20",
            "ingress": [
              {
                "cidr_blocks": [
                  "0.0.0.0/0"
                ],
                "description": "",
                "from_port": 8080,
                "ipv6_cidr_blocks": [],
                "prefix_list_ids": [],
                "protocol": "tcp",
                "security_groups": [],
                "self": false,
                "to_port": 8080
              },
              {
                "cidr_blocks": [
                  "0.0.0.0/0"
                ],
                "description": "",
                "from_port": 80,
                "ipv6_cidr_blocks": [],
                "prefix_list_ids": [],
                "protocol": "tcp",
                "security_groups": [],
                "self": false,
                "to_port": 80
              }
            ],
            "name": "terraform-20240615033339881900000002",
            "name_prefix": "terraform-",
            "owner_id": "489277949068",
            "revoke_rules_on_delete": false,
            "tags": {
              "Name": "allow_http"
            },
            "tags_all": {
              "Name": "allow_http"
            },
            "timeouts": null,
            "vpc_id": "vpc-0ae3b150752ca0dae"
          },
          "sensitive_attributes": [],
          "private": "eyJlMmJmYjczMC1lY2FhLTExZTYtOGY4OC0zNDM2M2JjN2M0YzAiOnsiY3JlYXRlIjo2MDAwMDAwMDAwMDAsImRlbGV0ZSI6OTAwMDAwMDAwMDAwfSwic2NoZW1hX3ZlcnNpb24iOiIxIn0=",
          "dependencies": [
            "aws_vpc.myvpc"
          ]
        }
      ]
    },
    {
      "mode": "managed",
      "type": "aws_sns_topic",
      "name": "alert_topic",
      "provider": "provider[\"registry.terraform.io/hashicorp/aws\"]",
      "instances": [
        {
          "schema_version": 0,
          "attributes": {
            "application_failure_feedback_role_arn": "",
            "application_success_feedback_role_arn": "",
            "application_success_feedback_sample_rate": 0,
            "archive_policy": "",
            "arn": "arn:aws:sns:us-east-1:489277949068:ecs-alerts",
            "beginning_archive_time": "",
            "content_based_deduplication": false,
            "delivery_policy": "",
            "display_name": "",
            "fifo_topic": false,
            "firehose_failure_feedback_role_arn": "",
            "firehose_success_feedback_role_arn": "",
            "firehose_success_feedback_sample_rate": 0,
            "http_failure_feedback_role_arn": "",
            "http_success_feedback_role_arn": "",
            "http_success_feedback_sample_rate": 0,
            "id": "arn:aws:sns:us-east-1:489277949068:ecs-alerts",
            "kms_master_key_id": "",
            "lambda_failure_feedback_role_arn": "",
            "lambda_success_feedback_role_arn": "",
            "lambda_success_feedback_sample_rate": 0,
            "name": "ecs-alerts",
            "name_prefix": "",
            "owner": "489277949068",
            "policy": "{\"Id\":\"__default_policy_ID\",\"Statement\":[{\"Action\":[\"SNS:GetTopicAttributes\",\"SNS:SetTopicAttributes\",\"SNS:AddPermission\",\"SNS:RemovePermission\",\"SNS:DeleteTopic\",\"SNS:Subscribe\",\"SNS:ListSubscriptionsByTopic\",\"SNS:Publish\"],\"Condition\":{\"StringEquals\":{\"AWS:SourceOwner\":\"489277949068\"}},\"Effect\":\"Allow\",\"Principal\":{\"AWS\":\"*\"},\"Resource\":\"arn:aws:sns:us-east-1:489277949068:ecs-alerts\",\"Sid\":\"__default_statement_ID\"}],\"Version\":\"2008-10-17\"}",
            "signature_version": 0,
            "sqs_failure_feedback_role_arn": "",
            "sqs_success_feedback_role_arn": "",
            "sqs_success_feedback_sample_rate": 0,
            "tags": null,
            "tags_all": {},
            "tracing_config": ""
          },
          "sensitive_attributes": [],
          "private": "bnVsbA=="
        }
      ]
    },
    {
      "mode": "managed",
      "type": "aws_sns_topic_subscription",
      "name": "alert_subscription",
      "provider": "provider[\"registry.terraform.io/hashicorp/aws\"]",
      "instances": [
        {
          "schema_version": 0,
          "attributes": {
            "arn": "arn:aws:sns:us-east-1:489277949068:ecs-alerts:1caf200c-af78-478d-9150-cf470e307f94",
            "confirmation_timeout_in_minutes": 1,
            "confirmation_was_authenticated": false,
            "delivery_policy": "",
            "endpoint": "tpaulino12000@gmail.com",
            "endpoint_auto_confirms": false,
            "filter_policy": "",
            "filter_policy_scope": "",
            "id": "arn:aws:sns:us-east-1:489277949068:ecs-alerts:1caf200c-af78-478d-9150-cf470e307f94",
            "owner_id": "489277949068",
            "pending_confirmation": true,
            "protocol": "email",
            "raw_message_delivery": false,
            "redrive_policy": "",
            "replay_policy": "",
            "subscription_role_arn": "",
            "topic_arn": "arn:aws:sns:us-east-1:489277949068:ecs-alerts"
          },
          "sensitive_attributes": [],
          "private": "bnVsbA==",
          "dependencies": [
            "aws_sns_topic.alert_topic"
          ]
        }
      ]
    },
    {
      "mode": "managed",
      "type": "aws_subnet",
      "name": "PublicSubnet1",
      "provider": "provider[\"registry.terraform.io/hashicorp/aws\"]",
      "instances": [
        {
          "schema_version": 1,
          "attributes": {
            "arn": "arn:aws:ec2:us-east-1:489277949068:subnet/subnet-0b6805f852bdaa121",
            "assign_ipv6_address_on_creation": false,
            "availability_zone": "us-east-1a",
            "availability_zone_id": "use1-az4",
            "cidr_block": "10.0.1.0/24",
            "customer_owned_ipv4_pool": "",
            "enable_dns64": false,
            "enable_lni_at_device_index": 0,
            "enable_resource_name_dns_a_record_on_launch": false,
            "enable_resource_name_dns_aaaa_record_on_launch": false,
            "id": "subnet-0b6805f852bdaa121",
            "ipv6_cidr_block": "",
            "ipv6_cidr_block_association_id": "",
            "ipv6_native": false,
            "map_customer_owned_ip_on_launch": false,
            "map_public_ip_on_launch": false,
            "outpost_arn": "",
            "owner_id": "489277949068",
            "private_dns_hostname_type_on_launch": "ip-name",
            "tags": {
              "Name": "PublicSubnet1"
            },
            "tags_all": {
              "Name": "PublicSubnet1"
            },
            "timeouts": null,
            "vpc_id": "vpc-0ae3b150752ca0dae"
          },
          "sensitive_attributes": [],
          "private": "eyJlMmJmYjczMC1lY2FhLTExZTYtOGY4OC0zNDM2M2JjN2M0YzAiOnsiY3JlYXRlIjo2MDAwMDAwMDAwMDAsImRlbGV0ZSI6MTIwMDAwMDAwMDAwMH0sInNjaGVtYV92ZXJzaW9uIjoiMSJ9",
          "dependencies": [
            "aws_vpc.myvpc"
          ]
        }
      ]
    },
    {
      "mode": "managed",
      "type": "aws_subnet",
      "name": "PublicSubnet2",
      "provider": "provider[\"registry.terraform.io/hashicorp/aws\"]",
      "instances": [
        {
          "schema_version": 1,
          "attributes": {
            "arn": "arn:aws:ec2:us-east-1:489277949068:subnet/subnet-0ad4f78c2afbaad42",
            "assign_ipv6_address_on_creation": false,
            "availability_zone": "us-east-1b",
            "availability_zone_id": "use1-az6",
            "cidr_block": "10.0.2.0/24",
            "customer_owned_ipv4_pool": "",
            "enable_dns64": false,
            "enable_lni_at_device_index": 0,
            "enable_resource_name_dns_a_record_on_launch": false,
            "enable_resource_name_dns_aaaa_record_on_launch": false,
            "id": "subnet-0ad4f78c2afbaad42",
            "ipv6_cidr_block": "",
            "ipv6_cidr_block_association_id": "",
            "ipv6_native": false,
            "map_customer_owned_ip_on_launch": false,
            "map_public_ip_on_launch": false,
            "outpost_arn": "",
            "owner_id": "489277949068",
            "private_dns_hostname_type_on_launch": "ip-name",
            "tags": {
              "Name": "PublicSubnet2"
            },
            "tags_all": {
              "Name": "PublicSubnet2"
            },
            "timeouts": null,
            "vpc_id": "vpc-0ae3b150752ca0dae"
          },
          "sensitive_attributes": [],
          "private": "eyJlMmJmYjczMC1lY2FhLTExZTYtOGY4OC0zNDM2M2JjN2M0YzAiOnsiY3JlYXRlIjo2MDAwMDAwMDAwMDAsImRlbGV0ZSI6MTIwMDAwMDAwMDAwMH0sInNjaGVtYV92ZXJzaW9uIjoiMSJ9",
          "dependencies": [
            "aws_vpc.myvpc"
          ]
        }
      ]
    },
    {
      "mode": "managed",
      "type": "aws_vpc",
      "name": "myvpc",
      "provider": "provider[\"registry.terraform.io/hashicorp/aws\"]",
      "instances": [
        {
          "schema_version": 1,
          "attributes": {
            "arn": "arn:aws:ec2:us-east-1:489277949068:vpc/vpc-0ae3b150752ca0dae",
            "assign_generated_ipv6_cidr_block": false,
            "cidr_block": "10.0.0.0/16",
            "default_network_acl_id": "acl-0243346a207843540",
            "default_route_table_id": "rtb-0756e58da4dbe96bb",
            "default_security_group_id": "sg-07efc404520a738ca",
            "dhcp_options_id": "dopt-0d58a767b60dcd3df",
            "enable_dns_hostnames": false,
            "enable_dns_support": true,
            "enable_network_address_usage_metrics": false,
            "id": "vpc-0ae3b150752ca0dae",
            "instance_tenancy": "default",
            "ipv4_ipam_pool_id": null,
            "ipv4_netmask_length": null,
            "ipv6_association_id": "",
            "ipv6_cidr_block": "",
            "ipv6_cidr_block_network_border_group": "",
            "ipv6_ipam_pool_id": "",
            "ipv6_netmask_length": 0,
            "main_route_table_id": "rtb-0756e58da4dbe96bb",
            "owner_id": "489277949068",
            "tags": {
              "Name": "MyVPC"
            },
            "tags_all": {
              "Name": "MyVPC"
            }
          },
          "sensitive_attributes": [],
          "private": "eyJzY2hlbWFfdmVyc2lvbiI6IjEifQ=="
        }
      ]
    }
  ],
  "check_results": null
}
