{
  "version": 4,
  "terraform_version": "1.8.5",
  "serial": 560,
  "lineage": "be841ce8-0227-f25c-5ff5-0ceb3b20ea5a",
  "outputs": {
    "alb_dns_name": {
      "value": "my-lb-164967681.us-east-1.elb.amazonaws.com",
      "type": "string"
    }
  },
  "resources": [
    {
      "mode": "data",
      "type": "aws_ecr_authorization_token",
      "name": "auth",
      "provider": "provider[\"registry.terraform.io/hashicorp/aws\"]",
      "instances": [
        {
          "schema_version": 0,
          "attributes": {
            "authorization_token": "QVdTOmV5SndZWGxzYjJGa0lqb2liREZDYzJSTFdXUnJNa00zZG5kM2QxQkhSekl3TTNsSldtcGpiVXAxYWxSSWFqVnhiVGRZSzJsck4yc3lOVmRxUkRNdlRreE1SVXBtY1RCRFYxVm5OVE4zZDA1RVNIYzBaMFlyVm5wVFIwaHRlbWMwSzBWc2ExaGljSHBUSzBSNWNIaDVVRWhZUmtsa1NYUk5UVXcyYkU5NGJtdHZlWGxuUVVsWlkwVmtLMDlRUTI1elZ6UlNhVTB3YW1wRFRscHdVMGh0TjJsSlRsSnhaWFV6ZHpNMlIyWkpXVzlpY1dGR1FsYzNWV0V6UkZWYU1sZFlRbll3TVdKcmF6SmhjV2RTVFUxdE5IWklTR3RaTVhCbWNuZEhkVEJ5TnpsdGJqSnVWU3RSWVdneGRuQmtVVnBPVFVabVRsbGpkMHd2Vm1SdWNVazRXa2hyUzNsc1pTdDZabXhyY0VGd2NYZFVXSFp1ZEhrMU0zb3ZRMll6VmtWaWR6WlBRVGR4T1RGMmFTOVhSbmx0TlZSUmNEQnVkVGM1YUZWS1ptaGhabU5UZVhSQk5UaGtVVkl6Uldoek1VVkNTMVJuWlcxNU4wMVlZMDl2Tms5cFMxSTBOVFp1WWt3MVZsSTJlbk13ZHpsNU1ERkpkVWxhUTFFdkwzTkplVVpPZVdZMllqQnlXV2RSV1ZFMk5qQXphV0ZzY1dwNGIzcFdPRWxoVlZsVVRuSTJaak55ZG5KRmVIZGlheXRLUjBWTFNtRTVXa2d5WVM5S01IQndZbTVMT0ZSVGMyOWthbXRRUTBJek9FaHdhWFEyUm05RlppdGFMM0ZIUnl0aVVUQnpXUzl4SzBGRmFtOUhSVEp2UW1selVTdFlXa1ZsVG1oS2NYWnROak5QVjJRelVYSjVVV3hIYzFCM1ZYcFZNVUY2WkV3eVVtNHhVVTlCZUc1a05XVnZNWGgyTlVJcmFFOXdja1pMTUVWMFVrSlhWRGgyWVhKUFdXWTJZMGhWY0dWV1ptb3JibEZYY25KSFRFTXdjREJ6VTFOU1IxaFplRGd5ZEVSWVpXNUxNWGRaWlRGelprbG5kVFZITkVwd1IyVnZVV3RTTmxCMVZqVndSbFJNVGxJMVlsTnFZWEl3WkM5eVZGRmpTRlpEZW1WaVFYQkZZa3Q0TVd4RVUzQnVlVzVIVWl0bkwxRnJRbmN5YjJWWFVGSk9XREY2YmpNdlNuTlBlVEZ3V0hOMVFtVlVlblJvTTB0UWR6RlZVbmhpVW5KU1RtcExORU4wZUhadU9Xb3JlamxxZEdJMU5URjFjWGhOZUdOUlFXNUZiMHhWVVhOVmIxcDFWMFV4YjFsbk5VVmlTVFF4YVdOMlNrMXhUa05LZUZabFdWZG5jelpzYURKSVZWSjZUVE5KYzBvd09XcHpWMGhpTTBkcE5rbGlWbFZDUlhwUmJsTXhXbE5JY3l0SlpGRm5Ta1pLUjIxblRteGlVUzlzVWpkclNIWXlWbEp5UWtoSFdtUkxLM2gyVkROb05IVkRaakYyVnpGUGNscHdRakoxTXpSbU5rWmtPVXQwVGtWMWExSklUMEp3Vm0xRE5GRTFWMUpuVURBcmMwdHlUMGRUWlZWVldHRXphVGRNVkZGRllXSkNUMVJhTTBVNFpUTXlkSEFyVEc5VVVIRk1lRGd6TVVOTVJrNU1WR1EzVW1KdlVFeHhkMHhhWWpKMlpHdFBUV2xqU1ZoaFYxZFhOaXRrTkV4eVRWZHNiMUJHUld4U01FcDBiR2RITVRsdWJtNU5WRWcwUWpFeVZUWXlVMXBFWlZsbFJHTk9OUzlXYkhkTlJIcFBOMWRtVVVrM2MwOWxlVlJwZDFWbVVUMDlJaXdpWkdGMFlXdGxlU0k2SWtGUlJVSkJTR2gzYlRCWllVbFRTbVZTZEVwdE5XNHhSeloxY1dWbGExaDFiMWhZVUdVMVZVWmpaVGxTY1Rndk1UUjNRVUZCU0RSM1prRlpTa3R2V2tsb2RtTk9RVkZqUjI5SE9IZGlVVWxDUVVSQ2IwSm5hM0ZvYTJsSE9YY3dRa0ozUlhkSVoxbEtXVWxhU1VGWFZVUkNRVVYxVFVKRlJVUk9UWGxwYzJGNGVtUlhlVkV5Y2l0alVVbENSVWxCTjNjeGRVcGxjRXg2TWs0eFRrMWpVRVpRVEZWNldHdFJhak40UTFJdmEweHdPSEJGSzFkbk0yVndWV2t6Ykd3dlpYQkJXRTV0YUZGM05GUlBORzVwTkhGNFdHYzFkMHR2ZVdGWmIwMXhlVms5SWl3aWRtVnljMmx2YmlJNklqSWlMQ0owZVhCbElqb2lSRUZVUVY5TFJWa2lMQ0psZUhCcGNtRjBhVzl1SWpveE56RTROREkzTWpNNGZRPT0=",
            "expires_at": "2024-06-15T04:53:58Z",
            "id": "us-east-1",
            "password": "eyJwYXlsb2FkIjoibDFCc2RLWWRrMkM3dnd3d1BHRzIwM3lJWmpjbUp1alRIajVxbTdYK2lrN2syNVdqRDMvTkxMRUpmcTBDV1VnNTN3d05ESHc0Z0YrVnpTR0htemc0K0Vsa1hicHpTK0R5cHh5UEhYRklkSXRNTUw2bE94bmtveXlnQUlZY0VkK09QQ25zVzRSaU0wampDTlpwU0htN2lJTlJxZXUzdzM2R2ZJWW9icWFGQlc3VWEzRFVaMldYQnYwMWJrazJhcWdSTU1tNHZISGtZMXBmcndHdTByNzltbjJuVStRYWgxdnBkUVpOTUZmTlljd0wvVmRucUk4WkhrS3lsZSt6ZmxrcEFwcXdUWHZudHk1M3ovQ2YzVkVidzZPQTdxOTF2aS9XRnltNVRRcDBudTc5aFVKZmhhZmNTeXRBNThkUVIzRWhzMUVCS1RnZW15N01YY09vNk9pS1I0NTZuYkw1VlI2enMwdzl5MDFJdUlaQ1EvL3NJeUZOeWY2YjByWWdRWVE2NjAzaWFscWp4b3pWOElhVVlUTnI2ZjNydnJFeHdiaytKR0VLSmE5WkgyYS9KMHBwYm5LOFRTc29kamtQQ0IzOEhwaXQ2Rm9FZitaL3FHRytiUTBzWS9xK0FFam9HRTJvQmlzUStYWkVlTmhKcXZtNjNPV2QzUXJ5UWxHc1B3VXpVMUF6ZEwyUm4xUU9BeG5kNWVvMXh2NUIraE9wckZLMEV0UkJXVDh2YXJPWWY2Y0hVcGVWZmorblFXcnJHTEMwcDBzU1NSR1hZeDgydERYZW5LMXdZZTFzZklndTVHNEpwR2VvUWtSNlB1VjVwRlRMTlI1YlNqYXIwZC9yVFFjSFZDemViQXBFYkt4MWxEU3BueW5HUitnL1FrQncyb2VXUFJOWDF6bjMvSnNPeTFwWHN1QmVUenRoM0tQdzFVUnhiUnJSTmpLNEN0eHZuOWorejlqdGI1NTF1cXhNeGNRQW5Fb0xVUXNVb1p1V0Uxb1lnNUViSTQxaWN2Sk1xTkNKeFZlWVdnczZsaDJIVVJ6TTNJc0owOWpzV0hiM0dpNkliVlVCRXpRblMxWlNIcytJZFFnSkZKR21nTmxiUS9sUjdrSHYyVlJyQkhHWmRLK3h2VDNoNHVDZjF2VzFPclpwQjJ1MzRmNkZkOUt0TkV1a1JIT0JwVm1DNFE1V1JnUDArc0tyT0dTZVVVWGEzaTdMVFFFYWJCT1RaM0U4ZTMydHArTG9UUHFMeDgzMUNMRk5MVGQ3UmJvUExxd0xaYjJ2ZGtPTWljSVhhV1dXNitkNExyTVdsb1BGRWxSMEp0bGdHMTlubm5NVEg0QjEyVTYyU1pEZVllRGNONS9WbHdNRHpPN1dmUUk3c09leVRpd1VmUT09IiwiZGF0YWtleSI6IkFRRUJBSGh3bTBZYUlTSmVSdEptNW4xRzZ1cWVla1h1b1hYUGU1VUZjZTlScTgvMTR3QUFBSDR3ZkFZSktvWklodmNOQVFjR29HOHdiUUlCQURCb0Jna3Foa2lHOXcwQkJ3RXdIZ1lKWUlaSUFXVURCQUV1TUJFRUROTXlpc2F4emRXeVEycitjUUlCRUlBN3cxdUplcEx6Mk4xTk1jUEZQTFV6WGtRajN4Q1Iva0xwOHBFK1dnM2VwVWkzbGwvZXBBWE5taFF3NFRPNG5pNHF4WGc1d0tveWFZb01xeVk9IiwidmVyc2lvbiI6IjIiLCJ0eXBlIjoiREFUQV9LRVkiLCJleHBpcmF0aW9uIjoxNzE4NDI3MjM4fQ==",
            "proxy_endpoint": "https://489277949068.dkr.ecr.us-east-1.amazonaws.com",
            "registry_id": null,
            "user_name": "AWS"
          },
          "sensitive_attributes": [
            [
              {
                "type": "get_attr",
                "value": "authorization_token"
              }
            ],
            [
              {
                "type": "get_attr",
                "value": "password"
              }
            ]
          ]
        }
      ]
    },
    {
      "mode": "managed",
      "type": "aws_ecr_repository",
      "name": "repo",
      "provider": "provider[\"registry.terraform.io/hashicorp/aws\"]",
      "instances": [
        {
          "schema_version": 0,
          "attributes": {
            "arn": "arn:aws:ecr:us-east-1:489277949068:repository/tiago-ntconsult",
            "encryption_configuration": [
              {
                "encryption_type": "AES256",
                "kms_key": ""
              }
            ],
            "force_delete": null,
            "id": "tiago-ntconsult",
            "image_scanning_configuration": [
              {
                "scan_on_push": false
              }
            ],
            "image_tag_mutability": "MUTABLE",
            "name": "tiago-ntconsult",
            "registry_id": "489277949068",
            "repository_url": "489277949068.dkr.ecr.us-east-1.amazonaws.com/tiago-ntconsult",
            "tags": null,
            "tags_all": {},
            "timeouts": null
          },
          "sensitive_attributes": [],
          "private": "eyJlMmJmYjczMC1lY2FhLTExZTYtOGY4OC0zNDM2M2JjN2M0YzAiOnsiZGVsZXRlIjoxMjAwMDAwMDAwMDAwfX0="
        }
      ]
    },
    {
      "mode": "managed",
      "type": "aws_ecs_cluster",
      "name": "my_cluster",
      "provider": "provider[\"registry.terraform.io/hashicorp/aws\"]",
      "instances": [
        {
          "schema_version": 0,
          "attributes": {
            "arn": "arn:aws:ecs:us-east-1:489277949068:cluster/my-cluster",
            "configuration": [],
            "id": "arn:aws:ecs:us-east-1:489277949068:cluster/my-cluster",
            "name": "my-cluster",
            "service_connect_defaults": [],
            "setting": [
              {
                "name": "containerInsights",
                "value": "disabled"
              }
            ],
            "tags": null,
            "tags_all": {}
          },
          "sensitive_attributes": [],
          "private": "bnVsbA=="
        }
      ]
    },
    {
      "mode": "managed",
      "type": "aws_ecs_service",
      "name": "my_service",
      "provider": "provider[\"registry.terraform.io/hashicorp/aws\"]",
      "instances": [
        {
          "schema_version": 0,
          "attributes": {
            "alarms": [],
            "capacity_provider_strategy": [],
            "cluster": "arn:aws:ecs:us-east-1:489277949068:cluster/my-cluster",
            "deployment_circuit_breaker": [
              {
                "enable": false,
                "rollback": false
              }
            ],
            "deployment_controller": [
              {
                "type": "ECS"
              }
            ],
            "deployment_maximum_percent": 200,
            "deployment_minimum_healthy_percent": 100,
            "desired_count": 1,
            "enable_ecs_managed_tags": false,
            "enable_execute_command": false,
            "force_new_deployment": null,
            "health_check_grace_period_seconds": 0,
            "iam_role": "/aws-service-role/ecs.amazonaws.com/AWSServiceRoleForECS",
            "id": "arn:aws:ecs:us-east-1:489277949068:service/my-cluster/my-service",
            "launch_type": "FARGATE",
            "load_balancer": [
              {
                "container_name": "my-container-api",
                "container_port": 8080,
                "elb_name": "",
                "target_group_arn": "arn:aws:elasticloadbalancing:us-east-1:489277949068:targetgroup/my-tg/4e310ee26d0f4da4"
              }
            ],
            "name": "my-service",
            "network_configuration": [
              {
                "assign_public_ip": true,
                "security_groups": [
                  "sg-0dc9d90c2477d59e0"
                ],
                "subnets": [
                  "subnet-03f02dfd163a1fc6f"
                ]
              }
            ],
            "ordered_placement_strategy": [],
            "placement_constraints": [],
            "platform_version": "LATEST",
            "propagate_tags": "NONE",
            "scheduling_strategy": "REPLICA",
            "service_connect_configuration": [],
            "service_registries": [],
            "tags": null,
            "tags_all": {},
            "task_definition": "arn:aws:ecs:us-east-1:489277949068:task-definition/my-task:22",
            "timeouts": null,
            "triggers": {},
            "volume_configuration": [],
            "wait_for_steady_state": false
          },
          "sensitive_attributes": [],
          "private": "eyJlMmJmYjczMC1lY2FhLTExZTYtOGY4OC0zNDM2M2JjN2M0YzAiOnsiY3JlYXRlIjoxMjAwMDAwMDAwMDAwLCJkZWxldGUiOjEyMDAwMDAwMDAwMDAsInVwZGF0ZSI6MTIwMDAwMDAwMDAwMH19",
          "dependencies": [
            "aws_ecr_repository.repo",
            "aws_ecs_cluster.my_cluster",
            "aws_ecs_task_definition.my_task",
            "aws_iam_role.ecs_task_execution_role",
            "aws_lb.my_lb",
            "aws_lb_listener.my_listener",
            "aws_lb_target_group.my_target_group",
            "aws_security_group.allow_http",
            "aws_subnet.PublicSubnet1",
            "aws_subnet.PublicSubnet2",
            "aws_vpc.myvpc"
          ]
        }
      ]
    },
    {
      "mode": "managed",
      "type": "aws_ecs_task_definition",
      "name": "my_task",
      "provider": "provider[\"registry.terraform.io/hashicorp/aws\"]",
      "instances": [
        {
          "schema_version": 1,
          "attributes": {
            "arn": "arn:aws:ecs:us-east-1:489277949068:task-definition/my-task:22",
            "arn_without_revision": "arn:aws:ecs:us-east-1:489277949068:task-definition/my-task",
            "container_definitions": "[{\"cpu\":0,\"environment\":[],\"essential\":true,\"image\":\"489277949068.dkr.ecr.us-east-1.amazonaws.com/tiago-ntconsult:latest\",\"mountPoints\":[],\"name\":\"my-container-api\",\"portMappings\":[{\"containerPort\":8080,\"hostPort\":8080,\"protocol\":\"tcp\"}],\"systemControls\":[],\"volumesFrom\":[]}]",
            "cpu": "256",
            "ephemeral_storage": [],
            "execution_role_arn": "arn:aws:iam::489277949068:role/ecs-task-execution-role",
            "family": "my-task",
            "id": "my-task",
            "inference_accelerator": [],
            "ipc_mode": "",
            "memory": "512",
            "network_mode": "awsvpc",
            "pid_mode": "",
            "placement_constraints": [],
            "proxy_configuration": [],
            "requires_compatibilities": [
              "FARGATE"
            ],
            "revision": 22,
            "runtime_platform": [],
            "skip_destroy": false,
            "tags": null,
            "tags_all": {},
            "task_role_arn": "arn:aws:iam::489277949068:role/ecs-task-execution-role",
            "track_latest": false,
            "volume": []
          },
          "sensitive_attributes": [],
          "private": "eyJzY2hlbWFfdmVyc2lvbiI6IjEifQ==",
          "dependencies": [
            "aws_ecr_repository.repo",
            "aws_iam_role.ecs_task_execution_role"
          ]
        }
      ]
    },
    {
      "mode": "managed",
      "type": "aws_iam_role",
      "name": "ecs_task_execution_role",
      "provider": "provider[\"registry.terraform.io/hashicorp/aws\"]",
      "instances": [
        {
          "schema_version": 0,
          "attributes": {
            "arn": "arn:aws:iam::489277949068:role/ecs-task-execution-role",
            "assume_role_policy": "{\"Statement\":[{\"Action\":\"sts:AssumeRole\",\"Effect\":\"Allow\",\"Principal\":{\"Service\":\"ecs-tasks.amazonaws.com\"}}],\"Version\":\"2012-10-17\"}",
            "create_date": "2024-06-14T16:54:13Z",
            "description": "",
            "force_detach_policies": false,
            "id": "ecs-task-execution-role",
            "inline_policy": [
              {
                "name": "ECRPolicy",
                "policy": "{\"Version\":\"2012-10-17\",\"Statement\":[{\"Action\":[\"ecr:GetDownloadUrlForLayer\",\"ecr:BatchGetImage\",\"ecr:BatchCheckLayerAvailability\",\"ecr:GetAuthorizationToken\"],\"Effect\":\"Allow\",\"Resource\":\"*\"}]}"
              }
            ],
            "managed_policy_arns": [],
            "max_session_duration": 3600,
            "name": "ecs-task-execution-role",
            "name_prefix": "",
            "path": "/",
            "permissions_boundary": "",
            "tags": {
              "Name": "ECS Task Execution Role"
            },
            "tags_all": {
              "Name": "ECS Task Execution Role"
            },
            "unique_id": "AROAXD2Z5ASGARSA5KPY4"
          },
          "sensitive_attributes": [],
          "private": "bnVsbA=="
        }
      ]
    },
    {
      "mode": "managed",
      "type": "aws_iam_role_policy_attachment",
      "name": "attach_ecs_task_execution_policy",
      "provider": "provider[\"registry.terraform.io/hashicorp/aws\"]",
      "instances": [
        {
          "schema_version": 0,
          "attributes": {
            "id": "ecs-task-execution-role-20240614165414405700000001",
            "policy_arn": "arn:aws:iam::aws:policy/service-role/AmazonECSTaskExecutionRolePolicy",
            "role": "ecs-task-execution-role"
          },
          "sensitive_attributes": [],
          "private": "bnVsbA==",
          "dependencies": [
            "aws_iam_role.ecs_task_execution_role"
          ]
        }
      ]
    },
    {
      "mode": "managed",
      "type": "aws_internet_gateway",
      "name": "myIgw",
      "provider": "provider[\"registry.terraform.io/hashicorp/aws\"]",
      "instances": [
        {
          "schema_version": 0,
          "attributes": {
            "arn": "arn:aws:ec2:us-east-1:489277949068:internet-gateway/igw-068415da5b4023c58",
            "id": "igw-068415da5b4023c58",
            "owner_id": "489277949068",
            "tags": {
              "Name": "MyIGW"
            },
            "tags_all": {
              "Name": "MyIGW"
            },
            "timeouts": null,
            "vpc_id": "vpc-0f27cb31417faa556"
          },
          "sensitive_attributes": [],
          "private": "eyJlMmJmYjczMC1lY2FhLTExZTYtOGY4OC0zNDM2M2JjN2M0YzAiOnsiY3JlYXRlIjoxMjAwMDAwMDAwMDAwLCJkZWxldGUiOjEyMDAwMDAwMDAwMDAsInVwZGF0ZSI6MTIwMDAwMDAwMDAwMH19",
          "dependencies": [
            "aws_vpc.myvpc"
          ]
        }
      ]
    },
    {
      "mode": "managed",
      "type": "aws_lb",
      "name": "my_lb",
      "provider": "provider[\"registry.terraform.io/hashicorp/aws\"]",
      "instances": [
        {
          "schema_version": 0,
          "attributes": {
            "access_logs": [
              {
                "bucket": "",
                "enabled": false,
                "prefix": ""
              }
            ],
            "arn": "arn:aws:elasticloadbalancing:us-east-1:489277949068:loadbalancer/app/my-lb/190cf47dec5584e3",
            "arn_suffix": "app/my-lb/190cf47dec5584e3",
            "client_keep_alive": 3600,
            "connection_logs": [
              {
                "bucket": "",
                "enabled": false,
                "prefix": ""
              }
            ],
            "customer_owned_ipv4_pool": "",
            "desync_mitigation_mode": "defensive",
            "dns_name": "my-lb-164967681.us-east-1.elb.amazonaws.com",
            "dns_record_client_routing_policy": null,
            "drop_invalid_header_fields": false,
            "enable_cross_zone_load_balancing": true,
            "enable_deletion_protection": false,
            "enable_http2": true,
            "enable_tls_version_and_cipher_suite_headers": false,
            "enable_waf_fail_open": false,
            "enable_xff_client_port": false,
            "enforce_security_group_inbound_rules_on_private_link_traffic": "",
            "id": "arn:aws:elasticloadbalancing:us-east-1:489277949068:loadbalancer/app/my-lb/190cf47dec5584e3",
            "idle_timeout": 60,
            "internal": false,
            "ip_address_type": "ipv4",
            "load_balancer_type": "application",
            "name": "my-lb",
            "name_prefix": "",
            "preserve_host_header": false,
            "security_groups": [
              "sg-0dc9d90c2477d59e0"
            ],
            "subnet_mapping": [
              {
                "allocation_id": "",
                "ipv6_address": "",
                "outpost_id": "",
                "private_ipv4_address": "",
                "subnet_id": "subnet-03f02dfd163a1fc6f"
              },
              {
                "allocation_id": "",
                "ipv6_address": "",
                "outpost_id": "",
                "private_ipv4_address": "",
                "subnet_id": "subnet-04edb1328b6cdef65"
              }
            ],
            "subnets": [
              "subnet-03f02dfd163a1fc6f",
              "subnet-04edb1328b6cdef65"
            ],
            "tags": {
              "Name": "my-lb"
            },
            "tags_all": {
              "Name": "my-lb"
            },
            "timeouts": null,
            "vpc_id": "vpc-0f27cb31417faa556",
            "xff_header_processing_mode": "append",
            "zone_id": "Z35SXDOTRQ7X7K"
          },
          "sensitive_attributes": [],
          "private": "eyJlMmJmYjczMC1lY2FhLTExZTYtOGY4OC0zNDM2M2JjN2M0YzAiOnsiY3JlYXRlIjo2MDAwMDAwMDAwMDAsImRlbGV0ZSI6NjAwMDAwMDAwMDAwLCJ1cGRhdGUiOjYwMDAwMDAwMDAwMH19",
          "dependencies": [
            "aws_security_group.allow_http",
            "aws_subnet.PublicSubnet1",
            "aws_subnet.PublicSubnet2",
            "aws_vpc.myvpc"
          ]
        }
      ]
    },
    {
      "mode": "managed",
      "type": "aws_lb_listener",
      "name": "my_listener",
      "provider": "provider[\"registry.terraform.io/hashicorp/aws\"]",
      "instances": [
        {
          "schema_version": 0,
          "attributes": {
            "alpn_policy": null,
            "arn": "arn:aws:elasticloadbalancing:us-east-1:489277949068:listener/app/my-lb/190cf47dec5584e3/5ff5b1a120bd4a06",
            "certificate_arn": null,
            "default_action": [
              {
                "authenticate_cognito": [],
                "authenticate_oidc": [],
                "fixed_response": [],
                "forward": [],
                "order": 1,
                "redirect": [],
                "target_group_arn": "arn:aws:elasticloadbalancing:us-east-1:489277949068:targetgroup/my-tg/4e310ee26d0f4da4",
                "type": "forward"
              }
            ],
            "id": "arn:aws:elasticloadbalancing:us-east-1:489277949068:listener/app/my-lb/190cf47dec5584e3/5ff5b1a120bd4a06",
            "load_balancer_arn": "arn:aws:elasticloadbalancing:us-east-1:489277949068:loadbalancer/app/my-lb/190cf47dec5584e3",
            "mutual_authentication": [],
            "port": 80,
            "protocol": "HTTP",
            "ssl_policy": "",
            "tags": {
              "Name": "my-listener"
            },
            "tags_all": {
              "Name": "my-listener"
            },
            "timeouts": null
          },
          "sensitive_attributes": [],
          "private": "eyJlMmJmYjczMC1lY2FhLTExZTYtOGY4OC0zNDM2M2JjN2M0YzAiOnsiY3JlYXRlIjozMDAwMDAwMDAwMDAsInVwZGF0ZSI6MzAwMDAwMDAwMDAwfX0=",
          "dependencies": [
            "aws_lb.my_lb",
            "aws_lb_target_group.my_target_group",
            "aws_security_group.allow_http",
            "aws_subnet.PublicSubnet1",
            "aws_subnet.PublicSubnet2",
            "aws_vpc.myvpc"
          ]
        }
      ]
    },
    {
      "mode": "managed",
      "type": "aws_lb_target_group",
      "name": "my_target_group",
      "provider": "provider[\"registry.terraform.io/hashicorp/aws\"]",
      "instances": [
        {
          "schema_version": 0,
          "attributes": {
            "arn": "arn:aws:elasticloadbalancing:us-east-1:489277949068:targetgroup/my-tg/4e310ee26d0f4da4",
            "arn_suffix": "targetgroup/my-tg/4e310ee26d0f4da4",
            "connection_termination": null,
            "deregistration_delay": "300",
            "health_check": [
              {
                "enabled": true,
                "healthy_threshold": 2,
                "interval": 30,
                "matcher": "200",
                "path": "/",
                "port": "traffic-port",
                "protocol": "HTTP",
                "timeout": 5,
                "unhealthy_threshold": 2
              }
            ],
            "id": "arn:aws:elasticloadbalancing:us-east-1:489277949068:targetgroup/my-tg/4e310ee26d0f4da4",
            "ip_address_type": "ipv4",
            "lambda_multi_value_headers_enabled": false,
            "load_balancer_arns": [],
            "load_balancing_algorithm_type": "round_robin",
            "load_balancing_anomaly_mitigation": "off",
            "load_balancing_cross_zone_enabled": "use_load_balancer_configuration",
            "name": "my-tg",
            "name_prefix": "",
            "port": 8080,
            "preserve_client_ip": null,
            "protocol": "HTTP",
            "protocol_version": "HTTP1",
            "proxy_protocol_v2": false,
            "slow_start": 0,
            "stickiness": [
              {
                "cookie_duration": 86400,
                "cookie_name": "",
                "enabled": false,
                "type": "lb_cookie"
              }
            ],
            "tags": {
              "Name": "my-target-group"
            },
            "tags_all": {
              "Name": "my-target-group"
            },
            "target_failover": [
              {
                "on_deregistration": null,
                "on_unhealthy": null
              }
            ],
            "target_health_state": [
              {
                "enable_unhealthy_connection_termination": null
              }
            ],
            "target_type": "ip",
            "vpc_id": "vpc-0f27cb31417faa556"
          },
          "sensitive_attributes": [],
          "private": "bnVsbA==",
          "dependencies": [
            "aws_vpc.myvpc"
          ]
        }
      ]
    },
    {
      "mode": "managed",
      "type": "aws_route_table",
      "name": "PublicRT",
      "provider": "provider[\"registry.terraform.io/hashicorp/aws\"]",
      "instances": [
        {
          "schema_version": 0,
          "attributes": {
            "arn": "arn:aws:ec2:us-east-1:489277949068:route-table/rtb-073812053631842f7",
            "id": "rtb-073812053631842f7",
            "owner_id": "489277949068",
            "propagating_vgws": [],
            "route": [
              {
                "carrier_gateway_id": "",
                "cidr_block": "0.0.0.0/0",
                "core_network_arn": "",
                "destination_prefix_list_id": "",
                "egress_only_gateway_id": "",
                "gateway_id": "igw-068415da5b4023c58",
                "ipv6_cidr_block": "",
                "local_gateway_id": "",
                "nat_gateway_id": "",
                "network_interface_id": "",
                "transit_gateway_id": "",
                "vpc_endpoint_id": "",
                "vpc_peering_connection_id": ""
              }
            ],
            "tags": {
              "Name": "PublicRT"
            },
            "tags_all": {
              "Name": "PublicRT"
            },
            "timeouts": null,
            "vpc_id": "vpc-0f27cb31417faa556"
          },
          "sensitive_attributes": [],
          "private": "eyJlMmJmYjczMC1lY2FhLTExZTYtOGY4OC0zNDM2M2JjN2M0YzAiOnsiY3JlYXRlIjozMDAwMDAwMDAwMDAsImRlbGV0ZSI6MzAwMDAwMDAwMDAwLCJ1cGRhdGUiOjEyMDAwMDAwMDAwMH19",
          "dependencies": [
            "aws_internet_gateway.myIgw",
            "aws_vpc.myvpc"
          ]
        }
      ]
    },
    {
      "mode": "managed",
      "type": "aws_route_table_association",
      "name": "PublicRTAssociation1",
      "provider": "provider[\"registry.terraform.io/hashicorp/aws\"]",
      "instances": [
        {
          "schema_version": 0,
          "attributes": {
            "gateway_id": "",
            "id": "rtbassoc-02bb94f3b157345cb",
            "route_table_id": "rtb-073812053631842f7",
            "subnet_id": "subnet-03f02dfd163a1fc6f",
            "timeouts": null
          },
          "sensitive_attributes": [],
          "private": "eyJlMmJmYjczMC1lY2FhLTExZTYtOGY4OC0zNDM2M2JjN2M0YzAiOnsiY3JlYXRlIjozMDAwMDAwMDAwMDAsImRlbGV0ZSI6MzAwMDAwMDAwMDAwLCJ1cGRhdGUiOjEyMDAwMDAwMDAwMH19",
          "dependencies": [
            "aws_internet_gateway.myIgw",
            "aws_route_table.PublicRT",
            "aws_subnet.PublicSubnet1",
            "aws_vpc.myvpc"
          ]
        }
      ]
    },
    {
      "mode": "managed",
      "type": "aws_route_table_association",
      "name": "PublicRTAssociation2",
      "provider": "provider[\"registry.terraform.io/hashicorp/aws\"]",
      "instances": [
        {
          "schema_version": 0,
          "attributes": {
            "gateway_id": "",
            "id": "rtbassoc-09a6fb9cfbd608e1d",
            "route_table_id": "rtb-073812053631842f7",
            "subnet_id": "subnet-04edb1328b6cdef65",
            "timeouts": null
          },
          "sensitive_attributes": [],
          "private": "eyJlMmJmYjczMC1lY2FhLTExZTYtOGY4OC0zNDM2M2JjN2M0YzAiOnsiY3JlYXRlIjozMDAwMDAwMDAwMDAsImRlbGV0ZSI6MzAwMDAwMDAwMDAwLCJ1cGRhdGUiOjEyMDAwMDAwMDAwMH19",
          "dependencies": [
            "aws_internet_gateway.myIgw",
            "aws_route_table.PublicRT",
            "aws_subnet.PublicSubnet2",
            "aws_vpc.myvpc"
          ]
        }
      ]
    },
    {
      "mode": "managed",
      "type": "aws_security_group",
      "name": "allow_http",
      "provider": "provider[\"registry.terraform.io/hashicorp/aws\"]",
      "instances": [
        {
          "schema_version": 1,
          "attributes": {
            "arn": "arn:aws:ec2:us-east-1:489277949068:security-group/sg-0dc9d90c2477d59e0",
            "description": "Managed by Terraform",
            "egress": [
              {
                "cidr_blocks": [
                  "0.0.0.0/0"
                ],
                "description": "",
                "from_port": 0,
                "ipv6_cidr_blocks": [],
                "prefix_list_ids": [],
                "protocol": "-1",
                "security_groups": [],
                "self": false,
                "to_port": 0
              }
            ],
            "id": "sg-0dc9d90c2477d59e0",
            "ingress": [
              {
                "cidr_blocks": [
                  "0.0.0.0/0"
                ],
                "description": "",
                "from_port": 8080,
                "ipv6_cidr_blocks": [],
                "prefix_list_ids": [],
                "protocol": "tcp",
                "security_groups": [],
                "self": false,
                "to_port": 8080
              },
              {
                "cidr_blocks": [
                  "0.0.0.0/0"
                ],
                "description": "",
                "from_port": 80,
                "ipv6_cidr_blocks": [],
                "prefix_list_ids": [],
                "protocol": "tcp",
                "security_groups": [],
                "self": false,
                "to_port": 80
              }
            ],
            "name": "terraform-20240614165415062800000002",
            "name_prefix": "terraform-",
            "owner_id": "489277949068",
            "revoke_rules_on_delete": false,
            "tags": {
              "Name": "allow_http"
            },
            "tags_all": {
              "Name": "allow_http"
            },
            "timeouts": null,
            "vpc_id": "vpc-0f27cb31417faa556"
          },
          "sensitive_attributes": [],
          "private": "eyJlMmJmYjczMC1lY2FhLTExZTYtOGY4OC0zNDM2M2JjN2M0YzAiOnsiY3JlYXRlIjo2MDAwMDAwMDAwMDAsImRlbGV0ZSI6OTAwMDAwMDAwMDAwfSwic2NoZW1hX3ZlcnNpb24iOiIxIn0=",
          "dependencies": [
            "aws_vpc.myvpc"
          ]
        }
      ]
    },
    {
      "mode": "managed",
      "type": "aws_subnet",
      "name": "PublicSubnet1",
      "provider": "provider[\"registry.terraform.io/hashicorp/aws\"]",
      "instances": [
        {
          "schema_version": 1,
          "attributes": {
            "arn": "arn:aws:ec2:us-east-1:489277949068:subnet/subnet-03f02dfd163a1fc6f",
            "assign_ipv6_address_on_creation": false,
            "availability_zone": "us-east-1a",
            "availability_zone_id": "use1-az4",
            "cidr_block": "10.0.1.0/24",
            "customer_owned_ipv4_pool": "",
            "enable_dns64": false,
            "enable_lni_at_device_index": 0,
            "enable_resource_name_dns_a_record_on_launch": false,
            "enable_resource_name_dns_aaaa_record_on_launch": false,
            "id": "subnet-03f02dfd163a1fc6f",
            "ipv6_cidr_block": "",
            "ipv6_cidr_block_association_id": "",
            "ipv6_native": false,
            "map_customer_owned_ip_on_launch": false,
            "map_public_ip_on_launch": false,
            "outpost_arn": "",
            "owner_id": "489277949068",
            "private_dns_hostname_type_on_launch": "ip-name",
            "tags": {
              "Name": "PublicSubnet1"
            },
            "tags_all": {
              "Name": "PublicSubnet1"
            },
            "timeouts": null,
            "vpc_id": "vpc-0f27cb31417faa556"
          },
          "sensitive_attributes": [],
          "private": "eyJlMmJmYjczMC1lY2FhLTExZTYtOGY4OC0zNDM2M2JjN2M0YzAiOnsiY3JlYXRlIjo2MDAwMDAwMDAwMDAsImRlbGV0ZSI6MTIwMDAwMDAwMDAwMH0sInNjaGVtYV92ZXJzaW9uIjoiMSJ9",
          "dependencies": [
            "aws_vpc.myvpc"
          ]
        }
      ]
    },
    {
      "mode": "managed",
      "type": "aws_subnet",
      "name": "PublicSubnet2",
      "provider": "provider[\"registry.terraform.io/hashicorp/aws\"]",
      "instances": [
        {
          "schema_version": 1,
          "attributes": {
            "arn": "arn:aws:ec2:us-east-1:489277949068:subnet/subnet-04edb1328b6cdef65",
            "assign_ipv6_address_on_creation": false,
            "availability_zone": "us-east-1b",
            "availability_zone_id": "use1-az6",
            "cidr_block": "10.0.2.0/24",
            "customer_owned_ipv4_pool": "",
            "enable_dns64": false,
            "enable_lni_at_device_index": 0,
            "enable_resource_name_dns_a_record_on_launch": false,
            "enable_resource_name_dns_aaaa_record_on_launch": false,
            "id": "subnet-04edb1328b6cdef65",
            "ipv6_cidr_block": "",
            "ipv6_cidr_block_association_id": "",
            "ipv6_native": false,
            "map_customer_owned_ip_on_launch": false,
            "map_public_ip_on_launch": false,
            "outpost_arn": "",
            "owner_id": "489277949068",
            "private_dns_hostname_type_on_launch": "ip-name",
            "tags": {
              "Name": "PublicSubnet2"
            },
            "tags_all": {
              "Name": "PublicSubnet2"
            },
            "timeouts": null,
            "vpc_id": "vpc-0f27cb31417faa556"
          },
          "sensitive_attributes": [],
          "private": "eyJlMmJmYjczMC1lY2FhLTExZTYtOGY4OC0zNDM2M2JjN2M0YzAiOnsiY3JlYXRlIjo2MDAwMDAwMDAwMDAsImRlbGV0ZSI6MTIwMDAwMDAwMDAwMH0sInNjaGVtYV92ZXJzaW9uIjoiMSJ9",
          "dependencies": [
            "aws_vpc.myvpc"
          ]
        }
      ]
    },
    {
      "mode": "managed",
      "type": "aws_vpc",
      "name": "myvpc",
      "provider": "provider[\"registry.terraform.io/hashicorp/aws\"]",
      "instances": [
        {
          "schema_version": 1,
          "attributes": {
            "arn": "arn:aws:ec2:us-east-1:489277949068:vpc/vpc-0f27cb31417faa556",
            "assign_generated_ipv6_cidr_block": false,
            "cidr_block": "10.0.0.0/16",
            "default_network_acl_id": "acl-02d4e6a49e5ee6a8a",
            "default_route_table_id": "rtb-02487679a5c9810d0",
            "default_security_group_id": "sg-0976c2e175f1ee036",
            "dhcp_options_id": "dopt-0d58a767b60dcd3df",
            "enable_dns_hostnames": false,
            "enable_dns_support": true,
            "enable_network_address_usage_metrics": false,
            "id": "vpc-0f27cb31417faa556",
            "instance_tenancy": "default",
            "ipv4_ipam_pool_id": null,
            "ipv4_netmask_length": null,
            "ipv6_association_id": "",
            "ipv6_cidr_block": "",
            "ipv6_cidr_block_network_border_group": "",
            "ipv6_ipam_pool_id": "",
            "ipv6_netmask_length": 0,
            "main_route_table_id": "rtb-02487679a5c9810d0",
            "owner_id": "489277949068",
            "tags": {
              "Name": "MyVPC"
            },
            "tags_all": {
              "Name": "MyVPC"
            }
          },
          "sensitive_attributes": [],
          "private": "eyJzY2hlbWFfdmVyc2lvbiI6IjEifQ=="
        }
      ]
    }
  ],
  "check_results": null
}
